
Microsoft Visual Studio Solution File, Format Version 12.00
# Visual Studio Version 16
VisualStudioVersion = 16.0.31624.102
MinimumVisualStudioVersion = 10.0.40219.1
Project("{FAE04EC0-301F-11D3-BF4B-00C04F79EFBC}") = "Code-O-Ween", "Code-O-Ween\Code-O-Ween.csproj", "{892BDF0C-386F-4D1F-9AA4-5BC1B19526CF}"
EndProject
Global
	GlobalSection(SolutionConfigurationPlatforms) = preSolution
		Debug|Any CPU = Debug|Any CPU
		Release|Any CPU = Release|Any CPU
	EndGlobalSection
	GlobalSection(ProjectConfigurationPlatforms) = postSolution
		{892BDF0C-386F-4D1F-9AA4-5BC1B19526CF}.Debug|Any CPU.ActiveCfg = Debug|Any CPU
		{892BDF0C-386F-4D1F-9AA4-5BC1B19526CF}.Debug|Any CPU.Build.0 = Debug|Any CPU
		{892BDF0C-386F-4D1F-9AA4-5BC1B19526CF}.Release|Any CPU.ActiveCfg = Release|Any CPU
		{892BDF0C-386F-4D1F-9AA4-5BC1B19526CF}.Release|Any CPU.Build.0 = Release|Any CPU
	EndGlobalSection
	GlobalSection(SolutionProperties) = preSolution
		HideSolutionNode = FALSE
	EndGlobalSection
	GlobalSection(ExtensibilityGlobals) = postSolution
		SolutionGuid = {4127F844-4165-43F9-B7E5-E0FD92723618}
	EndGlobalSection
EndGlobal
