
Microsoft Visual Studio Solution File, Format Version 12.00
# Visual Studio Version 16
VisualStudioVersion = 16.0.31624.102
MinimumVisualStudioVersion = 10.0.40219.1
Project("{FAE04EC0-301F-11D3-BF4B-00C04F79EFBC}") = "CardDemo", "CardDemo\CardDemo.csproj", "{D56AEF50-96EE-4544-8C3D-AA4C9024CBB4}"
EndProject
Global
	GlobalSection(SolutionConfigurationPlatforms) = preSolution
		Debug|Any CPU = Debug|Any CPU
		Release|Any CPU = Release|Any CPU
	EndGlobalSection
	GlobalSection(ProjectConfigurationPlatforms) = postSolution
		{D56AEF50-96EE-4544-8C3D-AA4C9024CBB4}.Debug|Any CPU.ActiveCfg = Debug|Any CPU
		{D56AEF50-96EE-4544-8C3D-AA4C9024CBB4}.Debug|Any CPU.Build.0 = Debug|Any CPU
		{D56AEF50-96EE-4544-8C3D-AA4C9024CBB4}.Release|Any CPU.ActiveCfg = Release|Any CPU
		{D56AEF50-96EE-4544-8C3D-AA4C9024CBB4}.Release|Any CPU.Build.0 = Release|Any CPU
	EndGlobalSection
	GlobalSection(SolutionProperties) = preSolution
		HideSolutionNode = FALSE
	EndGlobalSection
	GlobalSection(ExtensibilityGlobals) = postSolution
		SolutionGuid = {7A1A7757-F7CA-4901-AD62-F96283D1DBD9}
	EndGlobalSection
EndGlobal
